{
  "nodes": {
    "maipkgs": {
      "inputs": {
        "nixpkgs": "nixpkgs"
      },
      "locked": {
        "lastModified": 1725344728,
        "narHash": "sha256-MWCKgMGfVKmRso0wjKv/pNxI0cbTiU2TXEkqJL8uRt4=",
        "owner": "stephen-huan",
        "repo": "maipkgs",
        "rev": "f719047cfb0b948229c529e6528ab666cbb5e465",
        "type": "github"
      },
      "original": {
        "owner": "stephen-huan",
        "repo": "maipkgs",
        "type": "github"
      }
    },
    "nixpkgs": {
      "locked": {
        "lastModified": 1724224976,
        "narHash": "sha256-Z/ELQhrSd7bMzTO8r7NZgi9g5emh+aRKoCdaAv5fiO0=",
        "owner": "nixos",
        "repo": "nixpkgs",
        "rev": "c374d94f1536013ca8e92341b540eba4c22f9c62",
        "type": "github"
      },
      "original": {
        "owner": "nixos",
        "ref": "nixos-unstable",
        "repo": "nixpkgs",
        "type": "github"
      }
    },
    "root": {
      "inputs": {
        "maipkgs": "maipkgs",
        "nixpkgs": [
          "maipkgs",
          "nixpkgs"
        ]
      }
    }
  },
  "root": "root",
  "version": 7
}
